<Solution>
  <Project Path="UserService/UserService.csproj" />
  <Project Path="UserService.UnitTests/UserService.UnitTests.csproj" />
  <Project Path="UserService.IntegrationTests/UserService.IntegrationTests.csproj" />
  <Project Path="DonationService.IntegrationTests/DonationService.IntegrationTests.csproj" />
  <Project Path="DonationService.UnitTests/DonationService.UnitTests.csproj" />
  <Project Path="DonationService/DonationService.csproj" />
</Solution>
